{
  "version": 4,
  "terraform_version": "1.11.2",
  "serial": 5,
  "lineage": "aa95a954-22dc-a0bf-6da4-71dbad06cd84",
  "outputs": {},
  "resources": [
    {
      "mode": "managed",
      "type": "azurerm_network_interface",
      "name": "example",
      "provider": "provider[\"registry.terraform.io/hashicorp/azurerm\"]",
      "instances": [
        {
          "schema_version": 0,
          "attributes": {
            "accelerated_networking_enabled": false,
            "applied_dns_servers": [],
            "auxiliary_mode": "",
            "auxiliary_sku": "",
            "dns_servers": [],
            "edge_zone": "",
            "id": "/subscriptions/e43e79e7-2344-4f09-8eb2-b1bff16dc829/resourceGroups/yash-rg/providers/Microsoft.Network/networkInterfaces/example-nic",
            "internal_dns_name_label": "",
            "internal_domain_name_suffix": "yz0mzche4plevprzqg0hsvifkd.bx.internal.cloudapp.net",
            "ip_configuration": [
              {
                "gateway_load_balancer_frontend_ip_configuration_id": "",
                "name": "internal",
                "primary": true,
                "private_ip_address": "10.0.1.4",
                "private_ip_address_allocation": "Dynamic",
                "private_ip_address_version": "IPv4",
                "public_ip_address_id": "",
                "subnet_id": "/subscriptions/e43e79e7-2344-4f09-8eb2-b1bff16dc829/resourceGroups/yash-rg/providers/Microsoft.Network/virtualNetworks/Yash-network/subnets/Yash-subnet"
              }
            ],
            "ip_forwarding_enabled": false,
            "location": "eastus",
            "mac_address": "00-22-48-26-A9-E0",
            "name": "example-nic",
            "private_ip_address": "10.0.1.4",
            "private_ip_addresses": [
              "10.0.1.4"
            ],
            "resource_group_name": "yash-rg",
            "tags": {},
            "timeouts": null,
            "virtual_machine_id": "/subscriptions/e43e79e7-2344-4f09-8eb2-b1bff16dc829/resourceGroups/yash-rg/providers/Microsoft.Compute/virtualMachines/yash-vm"
          },
          "sensitive_attributes": [],
          "private": "eyJlMmJmYjczMC1lY2FhLTExZTYtOGY4OC0zNDM2M2JjN2M0YzAiOnsiY3JlYXRlIjoxODAwMDAwMDAwMDAwLCJkZWxldGUiOjE4MDAwMDAwMDAwMDAsInJlYWQiOjMwMDAwMDAwMDAwMCwidXBkYXRlIjoxODAwMDAwMDAwMDAwfSwic2NoZW1hX3ZlcnNpb24iOiIwIn0="
        }
      ]
    },
    {
      "mode": "managed",
      "type": "azurerm_resource_group",
      "name": "example",
      "provider": "provider[\"registry.terraform.io/hashicorp/azurerm\"]",
      "instances": [
        {
          "schema_version": 0,
          "attributes": {
            "id": "/subscriptions/e43e79e7-2344-4f09-8eb2-b1bff16dc829/resourceGroups/yash-rg",
            "location": "eastus",
            "managed_by": "",
            "name": "yash-rg",
            "tags": {},
            "timeouts": null
          },
          "sensitive_attributes": [],
          "private": "eyJlMmJmYjczMC1lY2FhLTExZTYtOGY4OC0zNDM2M2JjN2M0YzAiOnsiY3JlYXRlIjo1NDAwMDAwMDAwMDAwLCJkZWxldGUiOjU0MDAwMDAwMDAwMDAsInJlYWQiOjMwMDAwMDAwMDAwMCwidXBkYXRlIjo1NDAwMDAwMDAwMDAwfSwic2NoZW1hX3ZlcnNpb24iOiIwIn0="
        }
      ]
    },
    {
      "mode": "managed",
      "type": "azurerm_subnet",
      "name": "example",
      "provider": "provider[\"registry.terraform.io/hashicorp/azurerm\"]",
      "instances": [
        {
          "schema_version": 0,
          "attributes": {
            "address_prefixes": [
              "10.0.1.0/24"
            ],
            "default_outbound_access_enabled": true,
            "delegation": [],
            "id": "/subscriptions/e43e79e7-2344-4f09-8eb2-b1bff16dc829/resourceGroups/yash-rg/providers/Microsoft.Network/virtualNetworks/Yash-network/subnets/Yash-subnet",
            "name": "Yash-subnet",
            "private_endpoint_network_policies": "Disabled",
            "private_link_service_network_policies_enabled": true,
            "resource_group_name": "yash-rg",
            "service_endpoint_policy_ids": [],
            "service_endpoints": [],
            "timeouts": null,
            "virtual_network_name": "Yash-network"
          },
          "sensitive_attributes": [],
          "private": "eyJlMmJmYjczMC1lY2FhLTExZTYtOGY4OC0zNDM2M2JjN2M0YzAiOnsiY3JlYXRlIjoxODAwMDAwMDAwMDAwLCJkZWxldGUiOjE4MDAwMDAwMDAwMDAsInJlYWQiOjMwMDAwMDAwMDAwMCwidXBkYXRlIjoxODAwMDAwMDAwMDAwfSwic2NoZW1hX3ZlcnNpb24iOiIwIn0="
        }
      ]
    },
    {
      "mode": "managed",
      "type": "azurerm_virtual_machine",
      "name": "example",
      "provider": "provider[\"registry.terraform.io/hashicorp/azurerm\"]",
      "instances": [
        {
          "schema_version": 0,
          "attributes": {
            "additional_capabilities": [],
            "availability_set_id": null,
            "boot_diagnostics": [],
            "delete_data_disks_on_termination": null,
            "delete_os_disk_on_termination": null,
            "id": "/subscriptions/e43e79e7-2344-4f09-8eb2-b1bff16dc829/resourceGroups/yash-rg/providers/Microsoft.Compute/virtualMachines/yash-vm",
            "identity": [],
            "license_type": null,
            "location": "eastus",
            "name": "yash-vm",
            "network_interface_ids": [
              "/subscriptions/e43e79e7-2344-4f09-8eb2-b1bff16dc829/resourceGroups/yash-rg/providers/Microsoft.Network/networkInterfaces/example-nic"
            ],
            "os_profile": [
              {
                "admin_password": "",
                "admin_username": "adminuser",
                "computer_name": "hostname",
                "custom_data": ""
              }
            ],
            "os_profile_linux_config": [],
            "os_profile_secrets": [],
            "os_profile_windows_config": [
              {
                "additional_unattend_config": [],
                "enable_automatic_upgrades": false,
                "provision_vm_agent": true,
                "timezone": "",
                "winrm": []
              }
            ],
            "plan": [],
            "primary_network_interface_id": null,
            "proximity_placement_group_id": null,
            "resource_group_name": "yash-rg",
            "storage_data_disk": [],
            "storage_image_reference": [
              {
                "id": "",
                "offer": "WindowsServer",
                "publisher": "MicrosoftWindowsServer",
                "sku": "2019-Datacenter",
                "version": "latest"
              }
            ],
            "storage_os_disk": [
              {
                "caching": "ReadWrite",
                "create_option": "FromImage",
                "disk_size_gb": 127,
                "image_uri": "",
                "managed_disk_id": "/subscriptions/e43e79e7-2344-4f09-8eb2-b1bff16dc829/resourceGroups/yash-rg/providers/Microsoft.Compute/disks/example-os-disk",
                "managed_disk_type": "Standard_LRS",
                "name": "example-os-disk",
                "os_type": "Windows",
                "vhd_uri": "",
                "write_accelerator_enabled": false
              }
            ],
            "tags": {},
            "timeouts": null,
            "vm_size": "Standard_B1s",
            "zones": []
          },
          "sensitive_attributes": [
            [
              {
                "type": "get_attr",
                "value": "os_profile"
              }
            ]
          ],
          "private": "eyJlMmJmYjczMC1lY2FhLTExZTYtOGY4OC0zNDM2M2JjN2M0YzAiOnsiY3JlYXRlIjozNjAwMDAwMDAwMDAwLCJkZWxldGUiOjM2MDAwMDAwMDAwMDAsInJlYWQiOjMwMDAwMDAwMDAwMCwidXBkYXRlIjozNjAwMDAwMDAwMDAwfSwic2NoZW1hX3ZlcnNpb24iOiIwIn0="
        }
      ]
    },
    {
      "mode": "managed",
      "type": "azurerm_virtual_network",
      "name": "example",
      "provider": "provider[\"registry.terraform.io/hashicorp/azurerm\"]",
      "instances": [
        {
          "schema_version": 0,
          "attributes": {
            "address_space": [
              "10.0.0.0/16"
            ],
            "bgp_community": "",
            "ddos_protection_plan": [],
            "dns_servers": [],
            "edge_zone": "",
            "encryption": [],
            "flow_timeout_in_minutes": 0,
            "guid": "88cc74c6-f3e4-4ad6-be39-81b479550553",
            "id": "/subscriptions/e43e79e7-2344-4f09-8eb2-b1bff16dc829/resourceGroups/yash-rg/providers/Microsoft.Network/virtualNetworks/Yash-network",
            "location": "eastus",
            "name": "Yash-network",
            "private_endpoint_vnet_policies": "Disabled",
            "resource_group_name": "yash-rg",
            "subnet": [
              {
                "address_prefixes": [
                  "10.0.1.0/24"
                ],
                "default_outbound_access_enabled": true,
                "delegation": [],
                "id": "/subscriptions/e43e79e7-2344-4f09-8eb2-b1bff16dc829/resourceGroups/yash-rg/providers/Microsoft.Network/virtualNetworks/Yash-network/subnets/Yash-subnet",
                "name": "Yash-subnet",
                "private_endpoint_network_policies": "Disabled",
                "private_link_service_network_policies_enabled": true,
                "route_table_id": "",
                "security_group": "",
                "service_endpoint_policy_ids": [],
                "service_endpoints": []
              }
            ],
            "tags": {},
            "timeouts": null
          },
          "sensitive_attributes": [],
          "private": "eyJlMmJmYjczMC1lY2FhLTExZTYtOGY4OC0zNDM2M2JjN2M0YzAiOnsiY3JlYXRlIjoxODAwMDAwMDAwMDAwLCJkZWxldGUiOjE4MDAwMDAwMDAwMDAsInJlYWQiOjMwMDAwMDAwMDAwMCwidXBkYXRlIjoxODAwMDAwMDAwMDAwfSwic2NoZW1hX3ZlcnNpb24iOiIwIn0="
        }
      ]
    }
  ],
  "check_results": null
}
